
Microsoft Visual Studio Solution File, Format Version 12.00
# Visual Studio Version 17
VisualStudioVersion = 17.6.33829.357
MinimumVisualStudioVersion = 10.0.40219.1
Project("{2150E333-8FDC-42A3-9474-1A3956D46DE8}") = "Solution Items", "Solution Items", "{99ED28AC-5842-48A8-8D20-A1F121735B10}"
	ProjectSection(SolutionItems) = preProject
		.editorconfig = .editorconfig
	EndProjectSection
EndProject
Project("{2150E333-8FDC-42A3-9474-1A3956D46DE8}") = "Submodules", "Submodules", "{B5436D96-040E-42E9-AE13-5E55F991E2A9}"
EndProject
Project("{9A19103F-16F7-4668-BE54-9A1E7A4F7556}") = "Net.Shared.Web", "Submodules\Net.Shared.Web\src\Net.Shared.Web\Net.Shared.Web.csproj", "{DAD21B0A-DB27-413F-8C0B-30AEB5F61B9E}"
EndProject
Project("{9A19103F-16F7-4668-BE54-9A1E7A4F7556}") = "Net.Shared.Web.Abstractions", "Submodules\Net.Shared.Web\src\Net.Shared.Web.Abstractions\Net.Shared.Web.Abstractions.csproj", "{E8521B92-96D1-419B-BD8D-634C36244F1D}"
EndProject
Project("{9A19103F-16F7-4668-BE54-9A1E7A4F7556}") = "Net.Shared.Web.Models", "Submodules\Net.Shared.Web\src\Net.Shared.Web.Models\Net.Shared.Web.Models.csproj", "{5000CD81-3E9D-450E-8EF7-6306DCF52001}"
EndProject
Project("{9A19103F-16F7-4668-BE54-9A1E7A4F7556}") = "Net.Shared.Exceptions", "Submodules\Net.Shared.Exceptions\src\Net.Shared.Exceptions\Net.Shared.Exceptions.csproj", "{E700316E-5C61-44D1-8D58-9C2C5F92E394}"
EndProject
Project("{9A19103F-16F7-4668-BE54-9A1E7A4F7556}") = "Net.Shared", "Submodules\Net.Shared\src\Net.Shared\Net.Shared.csproj", "{083D5F2E-F7CB-4259-82E7-C659F65FB559}"
EndProject
Project("{9A19103F-16F7-4668-BE54-9A1E7A4F7556}") = "Net.Shared.Abstractions", "Submodules\Net.Shared\src\Net.Shared.Abstractions\Net.Shared.Abstractions.csproj", "{BC2EF7F7-91E2-4890-94F6-78BD661130A7}"
EndProject
Project("{9A19103F-16F7-4668-BE54-9A1E7A4F7556}") = "Net.Shared.Models", "Submodules\Net.Shared\src\Net.Shared.Models\Net.Shared.Models.csproj", "{00636E7F-FB13-43AD-A09D-9B8B710B1C0C}"
EndProject
Project("{9A19103F-16F7-4668-BE54-9A1E7A4F7556}") = "Net.Shared.Persistence", "Submodules\Net.Shared.Persistence\src\Net.Shared.Persistence\Net.Shared.Persistence.csproj", "{13985057-DAB8-4C7A-8C43-E86903FFC017}"
EndProject
Project("{9A19103F-16F7-4668-BE54-9A1E7A4F7556}") = "Net.Shared.Persistence.Abstractions", "Submodules\Net.Shared.Persistence\src\Net.Shared.Persistence.Abstractions\Net.Shared.Persistence.Abstractions.csproj", "{628ED8A5-9466-476E-BB9F-D0CC83C58190}"
EndProject
Project("{9A19103F-16F7-4668-BE54-9A1E7A4F7556}") = "Net.Shared.Persistence.Models", "Submodules\Net.Shared.Persistence\src\Net.Shared.Persistence.Models\Net.Shared.Persistence.Models.csproj", "{CE75C66F-38CB-4B07-85F8-E3D1BFEBFB8E}"
EndProject
Project("{9A19103F-16F7-4668-BE54-9A1E7A4F7556}") = "Net.Shared.Queues", "Submodules\Net.Shared.Queues\src\Net.Shared.Queues\Net.Shared.Queues.csproj", "{B9A41338-6625-4999-BA8A-24C39FD442A7}"
EndProject
Project("{9A19103F-16F7-4668-BE54-9A1E7A4F7556}") = "Net.Shared.Queues.Abstractions", "Submodules\Net.Shared.Queues\src\Net.Shared.Queues.Abstractions\Net.Shared.Queues.Abstractions.csproj", "{DD114FB5-F7F3-4C57-AD1D-977E4934256C}"
EndProject
Project("{9A19103F-16F7-4668-BE54-9A1E7A4F7556}") = "Net.Shared.Queues.Models", "Submodules\Net.Shared.Queues\src\Net.Shared.Queues.Models\Net.Shared.Queues.Models.csproj", "{C78A2E6A-20D8-473D-AC97-CE5A10832B4A}"
EndProject
Project("{9A19103F-16F7-4668-BE54-9A1E7A4F7556}") = "Net.Shared.Extensions", "Submodules\Net.Shared.Extensions\src\Net.Shared.Extensions\Net.Shared.Extensions.csproj", "{5342FB0E-5E0C-4D54-A443-3DB819293612}"
EndProject
Project("{9A19103F-16F7-4668-BE54-9A1E7A4F7556}") = "Net.Shared.Background.Abstractions", "Submodules\Net.Shared.Background\src\Net.Shared.Background.Abstractions\Net.Shared.Background.Abstractions.csproj", "{FEC5A477-D5BA-4EAB-97F6-3F585568732F}"
EndProject
Project("{9A19103F-16F7-4668-BE54-9A1E7A4F7556}") = "Net.Shared.Background.Models", "Submodules\Net.Shared.Background\src\Net.Shared.Background.Models\Net.Shared.Background.Models.csproj", "{8DCEE80F-837C-4ADD-A6F7-2A0D6BB7C426}"
EndProject
Project("{9A19103F-16F7-4668-BE54-9A1E7A4F7556}") = "Net.Shared.Background", "Submodules\Net.Shared.Background\src\Net.Shared.Background\Net.Shared.Background.csproj", "{9FA9407E-6727-456A-BDF1-000857278618}"
EndProject
Project("{2150E333-8FDC-42A3-9474-1A3956D46DE8}") = "TelegramBot", "TelegramBot", "{511BCF1C-CBBE-4538-8A2E-F50C58A811C0}"
EndProject
Project("{2150E333-8FDC-42A3-9474-1A3956D46DE8}") = "App", "App", "{6C2DCDC7-E4A1-43AD-A484-678B12C9C5D7}"
EndProject
Project("{9A19103F-16F7-4668-BE54-9A1E7A4F7556}") = "TelegramBot.Abstractions", "Modules\TelegramBot\App\Abstractions\TelegramBot.Abstractions.csproj", "{BDDC88DF-6FC2-4A32-8A7D-B93B9D520A2C}"
EndProject
Project("{9A19103F-16F7-4668-BE54-9A1E7A4F7556}") = "TelegramBot.Core", "Modules\TelegramBot\App\Core\TelegramBot.Core.csproj", "{C158F533-0EA4-45B2-9CAA-62503758926D}"
EndProject
Project("{9A19103F-16F7-4668-BE54-9A1E7A4F7556}") = "TelegramBot.Models", "Modules\TelegramBot\App\Models\TelegramBot.Models.csproj", "{D3E1D744-11C0-4E1F-BA5B-39658B587509}"
EndProject
Project("{9A19103F-16F7-4668-BE54-9A1E7A4F7556}") = "TelegramBot.Infrastructure", "Modules\TelegramBot\App\Infrastructure\TelegramBot.Infrastructure.csproj", "{E1ABC650-59BB-4F01-9812-8743560D443F}"
EndProject
Project("{2150E333-8FDC-42A3-9474-1A3956D46DE8}") = "Background", "Background", "{2F2578C0-03AB-43BE-A730-60894FFFD2A6}"
EndProject
Project("{2150E333-8FDC-42A3-9474-1A3956D46DE8}") = "Persistence", "Persistence", "{7D18553C-85F8-4471-9204-241DDD811769}"
EndProject
Project("{2150E333-8FDC-42A3-9474-1A3956D46DE8}") = "Queues", "Queues", "{3AB81175-87D1-47CF-B65C-CE7E42A36581}"
EndProject
Project("{2150E333-8FDC-42A3-9474-1A3956D46DE8}") = "Web", "Web", "{6EF0E0E0-D1C5-4E4B-A367-9C9DA118236D}"
EndProject
Project("{2150E333-8FDC-42A3-9474-1A3956D46DE8}") = "Shared", "Shared", "{146F650E-4990-495E-A3DE-97A0EB184D29}"
EndProject
Project("{2150E333-8FDC-42A3-9474-1A3956D46DE8}") = "Hosts", "Hosts", "{4A6067A0-1099-4CF0-8DA3-99F210240D7D}"
EndProject
Project("{2150E333-8FDC-42A3-9474-1A3956D46DE8}") = "Azure", "Azure", "{E695C489-8ADC-40EF-B12D-88C528CBD384}"
EndProject
Project("{2150E333-8FDC-42A3-9474-1A3956D46DE8}") = "Web", "Web", "{799AB58C-7742-463C-89A2-9813FDF68B81}"
EndProject
Project("{9A19103F-16F7-4668-BE54-9A1E7A4F7556}") = "TelegramBot.Azure.Api", "Modules\TelegramBot\Hosts\Azure\Api\TelegramBot.Azure.Api.csproj", "{CC899BFB-F97D-43B7-89A6-910D5A833F1D}"
EndProject
Project("{9A19103F-16F7-4668-BE54-9A1E7A4F7556}") = "TelegramBot.Azure.Worker", "Modules\TelegramBot\Hosts\Azure\Worker\TelegramBot.Azure.Worker.csproj", "{2C17F4E3-285D-4890-BD12-B2A33B532E2D}"
EndProject
Project("{9A19103F-16F7-4668-BE54-9A1E7A4F7556}") = "TelegramBot.Web.Api", "Modules\TelegramBot\Hosts\Web\Api\TelegramBot.Web.Api.csproj", "{023FE814-7A6C-4C2B-9715-6457B3845D0D}"
EndProject
Global
	GlobalSection(SolutionConfigurationPlatforms) = preSolution
		Debug|Any CPU = Debug|Any CPU
		Release|Any CPU = Release|Any CPU
	EndGlobalSection
	GlobalSection(ProjectConfigurationPlatforms) = postSolution
		{DAD21B0A-DB27-413F-8C0B-30AEB5F61B9E}.Debug|Any CPU.ActiveCfg = Debug|Any CPU
		{DAD21B0A-DB27-413F-8C0B-30AEB5F61B9E}.Debug|Any CPU.Build.0 = Debug|Any CPU
		{DAD21B0A-DB27-413F-8C0B-30AEB5F61B9E}.Release|Any CPU.ActiveCfg = Release|Any CPU
		{DAD21B0A-DB27-413F-8C0B-30AEB5F61B9E}.Release|Any CPU.Build.0 = Release|Any CPU
		{E8521B92-96D1-419B-BD8D-634C36244F1D}.Debug|Any CPU.ActiveCfg = Debug|Any CPU
		{E8521B92-96D1-419B-BD8D-634C36244F1D}.Debug|Any CPU.Build.0 = Debug|Any CPU
		{E8521B92-96D1-419B-BD8D-634C36244F1D}.Release|Any CPU.ActiveCfg = Release|Any CPU
		{E8521B92-96D1-419B-BD8D-634C36244F1D}.Release|Any CPU.Build.0 = Release|Any CPU
		{5000CD81-3E9D-450E-8EF7-6306DCF52001}.Debug|Any CPU.ActiveCfg = Debug|Any CPU
		{5000CD81-3E9D-450E-8EF7-6306DCF52001}.Debug|Any CPU.Build.0 = Debug|Any CPU
		{5000CD81-3E9D-450E-8EF7-6306DCF52001}.Release|Any CPU.ActiveCfg = Release|Any CPU
		{5000CD81-3E9D-450E-8EF7-6306DCF52001}.Release|Any CPU.Build.0 = Release|Any CPU
		{E700316E-5C61-44D1-8D58-9C2C5F92E394}.Debug|Any CPU.ActiveCfg = Debug|Any CPU
		{E700316E-5C61-44D1-8D58-9C2C5F92E394}.Debug|Any CPU.Build.0 = Debug|Any CPU
		{E700316E-5C61-44D1-8D58-9C2C5F92E394}.Release|Any CPU.ActiveCfg = Release|Any CPU
		{E700316E-5C61-44D1-8D58-9C2C5F92E394}.Release|Any CPU.Build.0 = Release|Any CPU
		{083D5F2E-F7CB-4259-82E7-C659F65FB559}.Debug|Any CPU.ActiveCfg = Debug|Any CPU
		{083D5F2E-F7CB-4259-82E7-C659F65FB559}.Debug|Any CPU.Build.0 = Debug|Any CPU
		{083D5F2E-F7CB-4259-82E7-C659F65FB559}.Release|Any CPU.ActiveCfg = Release|Any CPU
		{083D5F2E-F7CB-4259-82E7-C659F65FB559}.Release|Any CPU.Build.0 = Release|Any CPU
		{BC2EF7F7-91E2-4890-94F6-78BD661130A7}.Debug|Any CPU.ActiveCfg = Debug|Any CPU
		{BC2EF7F7-91E2-4890-94F6-78BD661130A7}.Debug|Any CPU.Build.0 = Debug|Any CPU
		{BC2EF7F7-91E2-4890-94F6-78BD661130A7}.Release|Any CPU.ActiveCfg = Release|Any CPU
		{BC2EF7F7-91E2-4890-94F6-78BD661130A7}.Release|Any CPU.Build.0 = Release|Any CPU
		{00636E7F-FB13-43AD-A09D-9B8B710B1C0C}.Debug|Any CPU.ActiveCfg = Debug|Any CPU
		{00636E7F-FB13-43AD-A09D-9B8B710B1C0C}.Debug|Any CPU.Build.0 = Debug|Any CPU
		{00636E7F-FB13-43AD-A09D-9B8B710B1C0C}.Release|Any CPU.ActiveCfg = Release|Any CPU
		{00636E7F-FB13-43AD-A09D-9B8B710B1C0C}.Release|Any CPU.Build.0 = Release|Any CPU
		{13985057-DAB8-4C7A-8C43-E86903FFC017}.Debug|Any CPU.ActiveCfg = Debug|Any CPU
		{13985057-DAB8-4C7A-8C43-E86903FFC017}.Debug|Any CPU.Build.0 = Debug|Any CPU
		{13985057-DAB8-4C7A-8C43-E86903FFC017}.Release|Any CPU.ActiveCfg = Release|Any CPU
		{13985057-DAB8-4C7A-8C43-E86903FFC017}.Release|Any CPU.Build.0 = Release|Any CPU
		{628ED8A5-9466-476E-BB9F-D0CC83C58190}.Debug|Any CPU.ActiveCfg = Debug|Any CPU
		{628ED8A5-9466-476E-BB9F-D0CC83C58190}.Debug|Any CPU.Build.0 = Debug|Any CPU
		{628ED8A5-9466-476E-BB9F-D0CC83C58190}.Release|Any CPU.ActiveCfg = Release|Any CPU
		{628ED8A5-9466-476E-BB9F-D0CC83C58190}.Release|Any CPU.Build.0 = Release|Any CPU
		{CE75C66F-38CB-4B07-85F8-E3D1BFEBFB8E}.Debug|Any CPU.ActiveCfg = Debug|Any CPU
		{CE75C66F-38CB-4B07-85F8-E3D1BFEBFB8E}.Debug|Any CPU.Build.0 = Debug|Any CPU
		{CE75C66F-38CB-4B07-85F8-E3D1BFEBFB8E}.Release|Any CPU.ActiveCfg = Release|Any CPU
		{CE75C66F-38CB-4B07-85F8-E3D1BFEBFB8E}.Release|Any CPU.Build.0 = Release|Any CPU
		{B9A41338-6625-4999-BA8A-24C39FD442A7}.Debug|Any CPU.ActiveCfg = Debug|Any CPU
		{B9A41338-6625-4999-BA8A-24C39FD442A7}.Debug|Any CPU.Build.0 = Debug|Any CPU
		{B9A41338-6625-4999-BA8A-24C39FD442A7}.Release|Any CPU.ActiveCfg = Release|Any CPU
		{B9A41338-6625-4999-BA8A-24C39FD442A7}.Release|Any CPU.Build.0 = Release|Any CPU
		{DD114FB5-F7F3-4C57-AD1D-977E4934256C}.Debug|Any CPU.ActiveCfg = Debug|Any CPU
		{DD114FB5-F7F3-4C57-AD1D-977E4934256C}.Debug|Any CPU.Build.0 = Debug|Any CPU
		{DD114FB5-F7F3-4C57-AD1D-977E4934256C}.Release|Any CPU.ActiveCfg = Release|Any CPU
		{DD114FB5-F7F3-4C57-AD1D-977E4934256C}.Release|Any CPU.Build.0 = Release|Any CPU
		{C78A2E6A-20D8-473D-AC97-CE5A10832B4A}.Debug|Any CPU.ActiveCfg = Debug|Any CPU
		{C78A2E6A-20D8-473D-AC97-CE5A10832B4A}.Debug|Any CPU.Build.0 = Debug|Any CPU
		{C78A2E6A-20D8-473D-AC97-CE5A10832B4A}.Release|Any CPU.ActiveCfg = Release|Any CPU
		{C78A2E6A-20D8-473D-AC97-CE5A10832B4A}.Release|Any CPU.Build.0 = Release|Any CPU
		{5342FB0E-5E0C-4D54-A443-3DB819293612}.Debug|Any CPU.ActiveCfg = Debug|Any CPU
		{5342FB0E-5E0C-4D54-A443-3DB819293612}.Debug|Any CPU.Build.0 = Debug|Any CPU
		{5342FB0E-5E0C-4D54-A443-3DB819293612}.Release|Any CPU.ActiveCfg = Release|Any CPU
		{5342FB0E-5E0C-4D54-A443-3DB819293612}.Release|Any CPU.Build.0 = Release|Any CPU
		{FEC5A477-D5BA-4EAB-97F6-3F585568732F}.Debug|Any CPU.ActiveCfg = Debug|Any CPU
		{FEC5A477-D5BA-4EAB-97F6-3F585568732F}.Debug|Any CPU.Build.0 = Debug|Any CPU
		{FEC5A477-D5BA-4EAB-97F6-3F585568732F}.Release|Any CPU.ActiveCfg = Release|Any CPU
		{FEC5A477-D5BA-4EAB-97F6-3F585568732F}.Release|Any CPU.Build.0 = Release|Any CPU
		{8DCEE80F-837C-4ADD-A6F7-2A0D6BB7C426}.Debug|Any CPU.ActiveCfg = Debug|Any CPU
		{8DCEE80F-837C-4ADD-A6F7-2A0D6BB7C426}.Debug|Any CPU.Build.0 = Debug|Any CPU
		{8DCEE80F-837C-4ADD-A6F7-2A0D6BB7C426}.Release|Any CPU.ActiveCfg = Release|Any CPU
		{8DCEE80F-837C-4ADD-A6F7-2A0D6BB7C426}.Release|Any CPU.Build.0 = Release|Any CPU
		{9FA9407E-6727-456A-BDF1-000857278618}.Debug|Any CPU.ActiveCfg = Debug|Any CPU
		{9FA9407E-6727-456A-BDF1-000857278618}.Debug|Any CPU.Build.0 = Debug|Any CPU
		{9FA9407E-6727-456A-BDF1-000857278618}.Release|Any CPU.ActiveCfg = Release|Any CPU
		{9FA9407E-6727-456A-BDF1-000857278618}.Release|Any CPU.Build.0 = Release|Any CPU
		{BDDC88DF-6FC2-4A32-8A7D-B93B9D520A2C}.Debug|Any CPU.ActiveCfg = Debug|Any CPU
		{BDDC88DF-6FC2-4A32-8A7D-B93B9D520A2C}.Debug|Any CPU.Build.0 = Debug|Any CPU
		{BDDC88DF-6FC2-4A32-8A7D-B93B9D520A2C}.Release|Any CPU.ActiveCfg = Release|Any CPU
		{BDDC88DF-6FC2-4A32-8A7D-B93B9D520A2C}.Release|Any CPU.Build.0 = Release|Any CPU
		{C158F533-0EA4-45B2-9CAA-62503758926D}.Debug|Any CPU.ActiveCfg = Debug|Any CPU
		{C158F533-0EA4-45B2-9CAA-62503758926D}.Debug|Any CPU.Build.0 = Debug|Any CPU
		{C158F533-0EA4-45B2-9CAA-62503758926D}.Release|Any CPU.ActiveCfg = Release|Any CPU
		{C158F533-0EA4-45B2-9CAA-62503758926D}.Release|Any CPU.Build.0 = Release|Any CPU
		{D3E1D744-11C0-4E1F-BA5B-39658B587509}.Debug|Any CPU.ActiveCfg = Debug|Any CPU
		{D3E1D744-11C0-4E1F-BA5B-39658B587509}.Debug|Any CPU.Build.0 = Debug|Any CPU
		{D3E1D744-11C0-4E1F-BA5B-39658B587509}.Release|Any CPU.ActiveCfg = Release|Any CPU
		{D3E1D744-11C0-4E1F-BA5B-39658B587509}.Release|Any CPU.Build.0 = Release|Any CPU
		{E1ABC650-59BB-4F01-9812-8743560D443F}.Debug|Any CPU.ActiveCfg = Debug|Any CPU
		{E1ABC650-59BB-4F01-9812-8743560D443F}.Debug|Any CPU.Build.0 = Debug|Any CPU
		{E1ABC650-59BB-4F01-9812-8743560D443F}.Release|Any CPU.ActiveCfg = Release|Any CPU
		{E1ABC650-59BB-4F01-9812-8743560D443F}.Release|Any CPU.Build.0 = Release|Any CPU
		{CC899BFB-F97D-43B7-89A6-910D5A833F1D}.Debug|Any CPU.ActiveCfg = Debug|Any CPU
		{CC899BFB-F97D-43B7-89A6-910D5A833F1D}.Debug|Any CPU.Build.0 = Debug|Any CPU
		{CC899BFB-F97D-43B7-89A6-910D5A833F1D}.Release|Any CPU.ActiveCfg = Release|Any CPU
		{CC899BFB-F97D-43B7-89A6-910D5A833F1D}.Release|Any CPU.Build.0 = Release|Any CPU
		{2C17F4E3-285D-4890-BD12-B2A33B532E2D}.Debug|Any CPU.ActiveCfg = Debug|Any CPU
		{2C17F4E3-285D-4890-BD12-B2A33B532E2D}.Debug|Any CPU.Build.0 = Debug|Any CPU
		{2C17F4E3-285D-4890-BD12-B2A33B532E2D}.Release|Any CPU.ActiveCfg = Release|Any CPU
		{2C17F4E3-285D-4890-BD12-B2A33B532E2D}.Release|Any CPU.Build.0 = Release|Any CPU
		{023FE814-7A6C-4C2B-9715-6457B3845D0D}.Debug|Any CPU.ActiveCfg = Debug|Any CPU
		{023FE814-7A6C-4C2B-9715-6457B3845D0D}.Debug|Any CPU.Build.0 = Debug|Any CPU
		{023FE814-7A6C-4C2B-9715-6457B3845D0D}.Release|Any CPU.ActiveCfg = Release|Any CPU
		{023FE814-7A6C-4C2B-9715-6457B3845D0D}.Release|Any CPU.Build.0 = Release|Any CPU
	EndGlobalSection
	GlobalSection(SolutionProperties) = preSolution
		HideSolutionNode = FALSE
	EndGlobalSection
	GlobalSection(NestedProjects) = preSolution
		{DAD21B0A-DB27-413F-8C0B-30AEB5F61B9E} = {6EF0E0E0-D1C5-4E4B-A367-9C9DA118236D}
		{E8521B92-96D1-419B-BD8D-634C36244F1D} = {6EF0E0E0-D1C5-4E4B-A367-9C9DA118236D}
		{5000CD81-3E9D-450E-8EF7-6306DCF52001} = {6EF0E0E0-D1C5-4E4B-A367-9C9DA118236D}
		{E700316E-5C61-44D1-8D58-9C2C5F92E394} = {B5436D96-040E-42E9-AE13-5E55F991E2A9}
		{083D5F2E-F7CB-4259-82E7-C659F65FB559} = {146F650E-4990-495E-A3DE-97A0EB184D29}
		{BC2EF7F7-91E2-4890-94F6-78BD661130A7} = {146F650E-4990-495E-A3DE-97A0EB184D29}
		{00636E7F-FB13-43AD-A09D-9B8B710B1C0C} = {146F650E-4990-495E-A3DE-97A0EB184D29}
		{13985057-DAB8-4C7A-8C43-E86903FFC017} = {7D18553C-85F8-4471-9204-241DDD811769}
		{628ED8A5-9466-476E-BB9F-D0CC83C58190} = {7D18553C-85F8-4471-9204-241DDD811769}
		{CE75C66F-38CB-4B07-85F8-E3D1BFEBFB8E} = {7D18553C-85F8-4471-9204-241DDD811769}
		{B9A41338-6625-4999-BA8A-24C39FD442A7} = {3AB81175-87D1-47CF-B65C-CE7E42A36581}
		{DD114FB5-F7F3-4C57-AD1D-977E4934256C} = {3AB81175-87D1-47CF-B65C-CE7E42A36581}
		{C78A2E6A-20D8-473D-AC97-CE5A10832B4A} = {3AB81175-87D1-47CF-B65C-CE7E42A36581}
		{5342FB0E-5E0C-4D54-A443-3DB819293612} = {B5436D96-040E-42E9-AE13-5E55F991E2A9}
		{FEC5A477-D5BA-4EAB-97F6-3F585568732F} = {2F2578C0-03AB-43BE-A730-60894FFFD2A6}
		{8DCEE80F-837C-4ADD-A6F7-2A0D6BB7C426} = {2F2578C0-03AB-43BE-A730-60894FFFD2A6}
		{9FA9407E-6727-456A-BDF1-000857278618} = {2F2578C0-03AB-43BE-A730-60894FFFD2A6}
		{6C2DCDC7-E4A1-43AD-A484-678B12C9C5D7} = {511BCF1C-CBBE-4538-8A2E-F50C58A811C0}
		{BDDC88DF-6FC2-4A32-8A7D-B93B9D520A2C} = {6C2DCDC7-E4A1-43AD-A484-678B12C9C5D7}
		{C158F533-0EA4-45B2-9CAA-62503758926D} = {6C2DCDC7-E4A1-43AD-A484-678B12C9C5D7}
		{D3E1D744-11C0-4E1F-BA5B-39658B587509} = {6C2DCDC7-E4A1-43AD-A484-678B12C9C5D7}
		{E1ABC650-59BB-4F01-9812-8743560D443F} = {6C2DCDC7-E4A1-43AD-A484-678B12C9C5D7}
		{2F2578C0-03AB-43BE-A730-60894FFFD2A6} = {B5436D96-040E-42E9-AE13-5E55F991E2A9}
		{7D18553C-85F8-4471-9204-241DDD811769} = {B5436D96-040E-42E9-AE13-5E55F991E2A9}
		{3AB81175-87D1-47CF-B65C-CE7E42A36581} = {B5436D96-040E-42E9-AE13-5E55F991E2A9}
		{6EF0E0E0-D1C5-4E4B-A367-9C9DA118236D} = {B5436D96-040E-42E9-AE13-5E55F991E2A9}
		{146F650E-4990-495E-A3DE-97A0EB184D29} = {B5436D96-040E-42E9-AE13-5E55F991E2A9}
		{4A6067A0-1099-4CF0-8DA3-99F210240D7D} = {511BCF1C-CBBE-4538-8A2E-F50C58A811C0}
		{E695C489-8ADC-40EF-B12D-88C528CBD384} = {4A6067A0-1099-4CF0-8DA3-99F210240D7D}
		{799AB58C-7742-463C-89A2-9813FDF68B81} = {4A6067A0-1099-4CF0-8DA3-99F210240D7D}
		{CC899BFB-F97D-43B7-89A6-910D5A833F1D} = {E695C489-8ADC-40EF-B12D-88C528CBD384}
		{2C17F4E3-285D-4890-BD12-B2A33B532E2D} = {E695C489-8ADC-40EF-B12D-88C528CBD384}
		{023FE814-7A6C-4C2B-9715-6457B3845D0D} = {799AB58C-7742-463C-89A2-9813FDF68B81}
	EndGlobalSection
	GlobalSection(ExtensibilityGlobals) = postSolution
		SolutionGuid = {2EB72F4B-1D54-4234-905E-0EDA63D1A982}
	EndGlobalSection
EndGlobal
