
Microsoft Visual Studio Solution File, Format Version 12.00
# Visual Studio Version 17
VisualStudioVersion = 17.6.33829.357
MinimumVisualStudioVersion = 10.0.40219.1
Project("{2150E333-8FDC-42A3-9474-1A3956D46DE8}") = "Solution Items", "Solution Items", "{99ED28AC-5842-48A8-8D20-A1F121735B10}"
	ProjectSection(SolutionItems) = preProject
		.editorconfig = .editorconfig
	EndProjectSection
EndProject
Project("{2150E333-8FDC-42A3-9474-1A3956D46DE8}") = "Shared", "Shared", "{B5436D96-040E-42E9-AE13-5E55F991E2A9}"
EndProject
Project("{9A19103F-16F7-4668-BE54-9A1E7A4F7556}") = "Net.Shared.Web", "Submodules\Net.Shared.Web\src\Net.Shared.Web\Net.Shared.Web.csproj", "{DAD21B0A-DB27-413F-8C0B-30AEB5F61B9E}"
EndProject
Project("{9A19103F-16F7-4668-BE54-9A1E7A4F7556}") = "Net.Shared.Web.Abstractions", "Submodules\Net.Shared.Web\src\Net.Shared.Web.Abstractions\Net.Shared.Web.Abstractions.csproj", "{E8521B92-96D1-419B-BD8D-634C36244F1D}"
EndProject
Project("{9A19103F-16F7-4668-BE54-9A1E7A4F7556}") = "Net.Shared.Web.Models", "Submodules\Net.Shared.Web\src\Net.Shared.Web.Models\Net.Shared.Web.Models.csproj", "{5000CD81-3E9D-450E-8EF7-6306DCF52001}"
EndProject
Project("{9A19103F-16F7-4668-BE54-9A1E7A4F7556}") = "Net.Shared.Exceptions", "Submodules\Net.Shared.Exceptions\src\Net.Shared.Exceptions\Net.Shared.Exceptions.csproj", "{E700316E-5C61-44D1-8D58-9C2C5F92E394}"
EndProject
Project("{9A19103F-16F7-4668-BE54-9A1E7A4F7556}") = "Telegram.ApAzureBot.Worker", "Telegram.ApAzureBot.Worker\Telegram.ApAzureBot.Worker.csproj", "{E9180528-2E4B-4B54-8C22-85E573B18354}"
EndProject
Project("{2150E333-8FDC-42A3-9474-1A3956D46DE8}") = "Main", "Main", "{B0310DC9-03EF-4CA7-8B0A-4FA01DE09488}"
EndProject
Project("{9A19103F-16F7-4668-BE54-9A1E7A4F7556}") = "Telegram.ApAzureBot.Core", "Telegram.ApAzureBot.Core\Telegram.ApAzureBot.Core.csproj", "{3C6363F1-8DCF-4390-B813-997C96EA0DCF}"
EndProject
Project("{9A19103F-16F7-4668-BE54-9A1E7A4F7556}") = "Telegram.ApAzureBot.Infrastructure", "Telegram.ApAzureBot.Infrastructure\Telegram.ApAzureBot.Infrastructure.csproj", "{33C12825-224E-4B36-B4C2-B77874D60B29}"
EndProject
Project("{9A19103F-16F7-4668-BE54-9A1E7A4F7556}") = "Telegram.ApAzureBot.Api", "Telegram.ApAzureBot.Api\Telegram.ApAzureBot.Api.csproj", "{C57A30E2-788C-4B85-99D3-D0902A542DB0}"
EndProject
Project("{9A19103F-16F7-4668-BE54-9A1E7A4F7556}") = "Net.Shared", "Submodules\Net.Shared\src\Net.Shared\Net.Shared.csproj", "{083D5F2E-F7CB-4259-82E7-C659F65FB559}"
EndProject
Project("{9A19103F-16F7-4668-BE54-9A1E7A4F7556}") = "Net.Shared.Abstractions", "Submodules\Net.Shared\src\Net.Shared.Abstractions\Net.Shared.Abstractions.csproj", "{BC2EF7F7-91E2-4890-94F6-78BD661130A7}"
EndProject
Project("{9A19103F-16F7-4668-BE54-9A1E7A4F7556}") = "Net.Shared.Models", "Submodules\Net.Shared\src\Net.Shared.Models\Net.Shared.Models.csproj", "{00636E7F-FB13-43AD-A09D-9B8B710B1C0C}"
EndProject
Project("{9A19103F-16F7-4668-BE54-9A1E7A4F7556}") = "Net.Shared.Persistence", "Submodules\Net.Shared.Persistence\src\Net.Shared.Persistence\Net.Shared.Persistence.csproj", "{13985057-DAB8-4C7A-8C43-E86903FFC017}"
EndProject
Project("{9A19103F-16F7-4668-BE54-9A1E7A4F7556}") = "Net.Shared.Persistence.Abstractions", "Submodules\Net.Shared.Persistence\src\Net.Shared.Persistence.Abstractions\Net.Shared.Persistence.Abstractions.csproj", "{628ED8A5-9466-476E-BB9F-D0CC83C58190}"
EndProject
Project("{9A19103F-16F7-4668-BE54-9A1E7A4F7556}") = "Net.Shared.Persistence.Models", "Submodules\Net.Shared.Persistence\src\Net.Shared.Persistence.Models\Net.Shared.Persistence.Models.csproj", "{CE75C66F-38CB-4B07-85F8-E3D1BFEBFB8E}"
EndProject
Project("{9A19103F-16F7-4668-BE54-9A1E7A4F7556}") = "Net.Shared.Queues", "Submodules\Net.Shared.Queues\src\Net.Shared.Queues\Net.Shared.Queues.csproj", "{B9A41338-6625-4999-BA8A-24C39FD442A7}"
EndProject
Project("{9A19103F-16F7-4668-BE54-9A1E7A4F7556}") = "Net.Shared.Queues.Abstractions", "Submodules\Net.Shared.Queues\src\Net.Shared.Queues.Abstractions\Net.Shared.Queues.Abstractions.csproj", "{DD114FB5-F7F3-4C57-AD1D-977E4934256C}"
EndProject
Project("{9A19103F-16F7-4668-BE54-9A1E7A4F7556}") = "Net.Shared.Queues.Models", "Submodules\Net.Shared.Queues\src\Net.Shared.Queues.Models\Net.Shared.Queues.Models.csproj", "{C78A2E6A-20D8-473D-AC97-CE5A10832B4A}"
EndProject
Project("{9A19103F-16F7-4668-BE54-9A1E7A4F7556}") = "Net.Shared.Extensions", "Submodules\Net.Shared.Extensions\src\Net.Shared.Extensions\Net.Shared.Extensions.csproj", "{5342FB0E-5E0C-4D54-A443-3DB819293612}"
EndProject
Project("{2150E333-8FDC-42A3-9474-1A3956D46DE8}") = "Abstractions", "Abstractions", "{11920E2F-AE93-433C-B9BF-E5359E66C1D4}"
EndProject
Project("{2150E333-8FDC-42A3-9474-1A3956D46DE8}") = "Models", "Models", "{B228BB81-8A05-4C44-A07E-D22AF2005A71}"
EndProject
Project("{9A19103F-16F7-4668-BE54-9A1E7A4F7556}") = "Net.Shared.Background.Abstractions", "Submodules\Net.Shared.Background\src\Net.Shared.Background.Abstractions\Net.Shared.Background.Abstractions.csproj", "{FEC5A477-D5BA-4EAB-97F6-3F585568732F}"
EndProject
Project("{9A19103F-16F7-4668-BE54-9A1E7A4F7556}") = "Net.Shared.Background.Models", "Submodules\Net.Shared.Background\src\Net.Shared.Background.Models\Net.Shared.Background.Models.csproj", "{8DCEE80F-837C-4ADD-A6F7-2A0D6BB7C426}"
EndProject
Project("{9A19103F-16F7-4668-BE54-9A1E7A4F7556}") = "Net.Shared.Background", "Submodules\Net.Shared.Background\src\Net.Shared.Background\Net.Shared.Background.csproj", "{9FA9407E-6727-456A-BDF1-000857278618}"
EndProject
Global
	GlobalSection(SolutionConfigurationPlatforms) = preSolution
		Debug|Any CPU = Debug|Any CPU
		Release|Any CPU = Release|Any CPU
	EndGlobalSection
	GlobalSection(ProjectConfigurationPlatforms) = postSolution
		{DAD21B0A-DB27-413F-8C0B-30AEB5F61B9E}.Debug|Any CPU.ActiveCfg = Debug|Any CPU
		{DAD21B0A-DB27-413F-8C0B-30AEB5F61B9E}.Debug|Any CPU.Build.0 = Debug|Any CPU
		{DAD21B0A-DB27-413F-8C0B-30AEB5F61B9E}.Release|Any CPU.ActiveCfg = Release|Any CPU
		{DAD21B0A-DB27-413F-8C0B-30AEB5F61B9E}.Release|Any CPU.Build.0 = Release|Any CPU
		{E8521B92-96D1-419B-BD8D-634C36244F1D}.Debug|Any CPU.ActiveCfg = Debug|Any CPU
		{E8521B92-96D1-419B-BD8D-634C36244F1D}.Debug|Any CPU.Build.0 = Debug|Any CPU
		{E8521B92-96D1-419B-BD8D-634C36244F1D}.Release|Any CPU.ActiveCfg = Release|Any CPU
		{E8521B92-96D1-419B-BD8D-634C36244F1D}.Release|Any CPU.Build.0 = Release|Any CPU
		{5000CD81-3E9D-450E-8EF7-6306DCF52001}.Debug|Any CPU.ActiveCfg = Debug|Any CPU
		{5000CD81-3E9D-450E-8EF7-6306DCF52001}.Debug|Any CPU.Build.0 = Debug|Any CPU
		{5000CD81-3E9D-450E-8EF7-6306DCF52001}.Release|Any CPU.ActiveCfg = Release|Any CPU
		{5000CD81-3E9D-450E-8EF7-6306DCF52001}.Release|Any CPU.Build.0 = Release|Any CPU
		{E700316E-5C61-44D1-8D58-9C2C5F92E394}.Debug|Any CPU.ActiveCfg = Debug|Any CPU
		{E700316E-5C61-44D1-8D58-9C2C5F92E394}.Debug|Any CPU.Build.0 = Debug|Any CPU
		{E700316E-5C61-44D1-8D58-9C2C5F92E394}.Release|Any CPU.ActiveCfg = Release|Any CPU
		{E700316E-5C61-44D1-8D58-9C2C5F92E394}.Release|Any CPU.Build.0 = Release|Any CPU
		{E9180528-2E4B-4B54-8C22-85E573B18354}.Debug|Any CPU.ActiveCfg = Debug|Any CPU
		{E9180528-2E4B-4B54-8C22-85E573B18354}.Debug|Any CPU.Build.0 = Debug|Any CPU
		{E9180528-2E4B-4B54-8C22-85E573B18354}.Release|Any CPU.ActiveCfg = Release|Any CPU
		{E9180528-2E4B-4B54-8C22-85E573B18354}.Release|Any CPU.Build.0 = Release|Any CPU
		{3C6363F1-8DCF-4390-B813-997C96EA0DCF}.Debug|Any CPU.ActiveCfg = Debug|Any CPU
		{3C6363F1-8DCF-4390-B813-997C96EA0DCF}.Debug|Any CPU.Build.0 = Debug|Any CPU
		{3C6363F1-8DCF-4390-B813-997C96EA0DCF}.Release|Any CPU.ActiveCfg = Release|Any CPU
		{3C6363F1-8DCF-4390-B813-997C96EA0DCF}.Release|Any CPU.Build.0 = Release|Any CPU
		{33C12825-224E-4B36-B4C2-B77874D60B29}.Debug|Any CPU.ActiveCfg = Debug|Any CPU
		{33C12825-224E-4B36-B4C2-B77874D60B29}.Debug|Any CPU.Build.0 = Debug|Any CPU
		{33C12825-224E-4B36-B4C2-B77874D60B29}.Release|Any CPU.ActiveCfg = Release|Any CPU
		{33C12825-224E-4B36-B4C2-B77874D60B29}.Release|Any CPU.Build.0 = Release|Any CPU
		{C57A30E2-788C-4B85-99D3-D0902A542DB0}.Debug|Any CPU.ActiveCfg = Debug|Any CPU
		{C57A30E2-788C-4B85-99D3-D0902A542DB0}.Debug|Any CPU.Build.0 = Debug|Any CPU
		{C57A30E2-788C-4B85-99D3-D0902A542DB0}.Release|Any CPU.ActiveCfg = Release|Any CPU
		{C57A30E2-788C-4B85-99D3-D0902A542DB0}.Release|Any CPU.Build.0 = Release|Any CPU
		{083D5F2E-F7CB-4259-82E7-C659F65FB559}.Debug|Any CPU.ActiveCfg = Debug|Any CPU
		{083D5F2E-F7CB-4259-82E7-C659F65FB559}.Debug|Any CPU.Build.0 = Debug|Any CPU
		{083D5F2E-F7CB-4259-82E7-C659F65FB559}.Release|Any CPU.ActiveCfg = Release|Any CPU
		{083D5F2E-F7CB-4259-82E7-C659F65FB559}.Release|Any CPU.Build.0 = Release|Any CPU
		{BC2EF7F7-91E2-4890-94F6-78BD661130A7}.Debug|Any CPU.ActiveCfg = Debug|Any CPU
		{BC2EF7F7-91E2-4890-94F6-78BD661130A7}.Debug|Any CPU.Build.0 = Debug|Any CPU
		{BC2EF7F7-91E2-4890-94F6-78BD661130A7}.Release|Any CPU.ActiveCfg = Release|Any CPU
		{BC2EF7F7-91E2-4890-94F6-78BD661130A7}.Release|Any CPU.Build.0 = Release|Any CPU
		{00636E7F-FB13-43AD-A09D-9B8B710B1C0C}.Debug|Any CPU.ActiveCfg = Debug|Any CPU
		{00636E7F-FB13-43AD-A09D-9B8B710B1C0C}.Debug|Any CPU.Build.0 = Debug|Any CPU
		{00636E7F-FB13-43AD-A09D-9B8B710B1C0C}.Release|Any CPU.ActiveCfg = Release|Any CPU
		{00636E7F-FB13-43AD-A09D-9B8B710B1C0C}.Release|Any CPU.Build.0 = Release|Any CPU
		{13985057-DAB8-4C7A-8C43-E86903FFC017}.Debug|Any CPU.ActiveCfg = Debug|Any CPU
		{13985057-DAB8-4C7A-8C43-E86903FFC017}.Debug|Any CPU.Build.0 = Debug|Any CPU
		{13985057-DAB8-4C7A-8C43-E86903FFC017}.Release|Any CPU.ActiveCfg = Release|Any CPU
		{13985057-DAB8-4C7A-8C43-E86903FFC017}.Release|Any CPU.Build.0 = Release|Any CPU
		{628ED8A5-9466-476E-BB9F-D0CC83C58190}.Debug|Any CPU.ActiveCfg = Debug|Any CPU
		{628ED8A5-9466-476E-BB9F-D0CC83C58190}.Debug|Any CPU.Build.0 = Debug|Any CPU
		{628ED8A5-9466-476E-BB9F-D0CC83C58190}.Release|Any CPU.ActiveCfg = Release|Any CPU
		{628ED8A5-9466-476E-BB9F-D0CC83C58190}.Release|Any CPU.Build.0 = Release|Any CPU
		{CE75C66F-38CB-4B07-85F8-E3D1BFEBFB8E}.Debug|Any CPU.ActiveCfg = Debug|Any CPU
		{CE75C66F-38CB-4B07-85F8-E3D1BFEBFB8E}.Debug|Any CPU.Build.0 = Debug|Any CPU
		{CE75C66F-38CB-4B07-85F8-E3D1BFEBFB8E}.Release|Any CPU.ActiveCfg = Release|Any CPU
		{CE75C66F-38CB-4B07-85F8-E3D1BFEBFB8E}.Release|Any CPU.Build.0 = Release|Any CPU
		{B9A41338-6625-4999-BA8A-24C39FD442A7}.Debug|Any CPU.ActiveCfg = Debug|Any CPU
		{B9A41338-6625-4999-BA8A-24C39FD442A7}.Debug|Any CPU.Build.0 = Debug|Any CPU
		{B9A41338-6625-4999-BA8A-24C39FD442A7}.Release|Any CPU.ActiveCfg = Release|Any CPU
		{B9A41338-6625-4999-BA8A-24C39FD442A7}.Release|Any CPU.Build.0 = Release|Any CPU
		{DD114FB5-F7F3-4C57-AD1D-977E4934256C}.Debug|Any CPU.ActiveCfg = Debug|Any CPU
		{DD114FB5-F7F3-4C57-AD1D-977E4934256C}.Debug|Any CPU.Build.0 = Debug|Any CPU
		{DD114FB5-F7F3-4C57-AD1D-977E4934256C}.Release|Any CPU.ActiveCfg = Release|Any CPU
		{DD114FB5-F7F3-4C57-AD1D-977E4934256C}.Release|Any CPU.Build.0 = Release|Any CPU
		{C78A2E6A-20D8-473D-AC97-CE5A10832B4A}.Debug|Any CPU.ActiveCfg = Debug|Any CPU
		{C78A2E6A-20D8-473D-AC97-CE5A10832B4A}.Debug|Any CPU.Build.0 = Debug|Any CPU
		{C78A2E6A-20D8-473D-AC97-CE5A10832B4A}.Release|Any CPU.ActiveCfg = Release|Any CPU
		{C78A2E6A-20D8-473D-AC97-CE5A10832B4A}.Release|Any CPU.Build.0 = Release|Any CPU
		{5342FB0E-5E0C-4D54-A443-3DB819293612}.Debug|Any CPU.ActiveCfg = Debug|Any CPU
		{5342FB0E-5E0C-4D54-A443-3DB819293612}.Debug|Any CPU.Build.0 = Debug|Any CPU
		{5342FB0E-5E0C-4D54-A443-3DB819293612}.Release|Any CPU.ActiveCfg = Release|Any CPU
		{5342FB0E-5E0C-4D54-A443-3DB819293612}.Release|Any CPU.Build.0 = Release|Any CPU
		{FEC5A477-D5BA-4EAB-97F6-3F585568732F}.Debug|Any CPU.ActiveCfg = Debug|Any CPU
		{FEC5A477-D5BA-4EAB-97F6-3F585568732F}.Debug|Any CPU.Build.0 = Debug|Any CPU
		{FEC5A477-D5BA-4EAB-97F6-3F585568732F}.Release|Any CPU.ActiveCfg = Release|Any CPU
		{FEC5A477-D5BA-4EAB-97F6-3F585568732F}.Release|Any CPU.Build.0 = Release|Any CPU
		{8DCEE80F-837C-4ADD-A6F7-2A0D6BB7C426}.Debug|Any CPU.ActiveCfg = Debug|Any CPU
		{8DCEE80F-837C-4ADD-A6F7-2A0D6BB7C426}.Debug|Any CPU.Build.0 = Debug|Any CPU
		{8DCEE80F-837C-4ADD-A6F7-2A0D6BB7C426}.Release|Any CPU.ActiveCfg = Release|Any CPU
		{8DCEE80F-837C-4ADD-A6F7-2A0D6BB7C426}.Release|Any CPU.Build.0 = Release|Any CPU
		{9FA9407E-6727-456A-BDF1-000857278618}.Debug|Any CPU.ActiveCfg = Debug|Any CPU
		{9FA9407E-6727-456A-BDF1-000857278618}.Debug|Any CPU.Build.0 = Debug|Any CPU
		{9FA9407E-6727-456A-BDF1-000857278618}.Release|Any CPU.ActiveCfg = Release|Any CPU
		{9FA9407E-6727-456A-BDF1-000857278618}.Release|Any CPU.Build.0 = Release|Any CPU
	EndGlobalSection
	GlobalSection(SolutionProperties) = preSolution
		HideSolutionNode = FALSE
	EndGlobalSection
	GlobalSection(NestedProjects) = preSolution
		{DAD21B0A-DB27-413F-8C0B-30AEB5F61B9E} = {B5436D96-040E-42E9-AE13-5E55F991E2A9}
		{E8521B92-96D1-419B-BD8D-634C36244F1D} = {11920E2F-AE93-433C-B9BF-E5359E66C1D4}
		{5000CD81-3E9D-450E-8EF7-6306DCF52001} = {B228BB81-8A05-4C44-A07E-D22AF2005A71}
		{E700316E-5C61-44D1-8D58-9C2C5F92E394} = {B5436D96-040E-42E9-AE13-5E55F991E2A9}
		{3C6363F1-8DCF-4390-B813-997C96EA0DCF} = {B0310DC9-03EF-4CA7-8B0A-4FA01DE09488}
		{33C12825-224E-4B36-B4C2-B77874D60B29} = {B0310DC9-03EF-4CA7-8B0A-4FA01DE09488}
		{083D5F2E-F7CB-4259-82E7-C659F65FB559} = {B5436D96-040E-42E9-AE13-5E55F991E2A9}
		{BC2EF7F7-91E2-4890-94F6-78BD661130A7} = {11920E2F-AE93-433C-B9BF-E5359E66C1D4}
		{00636E7F-FB13-43AD-A09D-9B8B710B1C0C} = {B228BB81-8A05-4C44-A07E-D22AF2005A71}
		{13985057-DAB8-4C7A-8C43-E86903FFC017} = {B5436D96-040E-42E9-AE13-5E55F991E2A9}
		{628ED8A5-9466-476E-BB9F-D0CC83C58190} = {11920E2F-AE93-433C-B9BF-E5359E66C1D4}
		{CE75C66F-38CB-4B07-85F8-E3D1BFEBFB8E} = {B228BB81-8A05-4C44-A07E-D22AF2005A71}
		{B9A41338-6625-4999-BA8A-24C39FD442A7} = {B5436D96-040E-42E9-AE13-5E55F991E2A9}
		{DD114FB5-F7F3-4C57-AD1D-977E4934256C} = {11920E2F-AE93-433C-B9BF-E5359E66C1D4}
		{C78A2E6A-20D8-473D-AC97-CE5A10832B4A} = {B228BB81-8A05-4C44-A07E-D22AF2005A71}
		{5342FB0E-5E0C-4D54-A443-3DB819293612} = {B5436D96-040E-42E9-AE13-5E55F991E2A9}
		{11920E2F-AE93-433C-B9BF-E5359E66C1D4} = {B5436D96-040E-42E9-AE13-5E55F991E2A9}
		{B228BB81-8A05-4C44-A07E-D22AF2005A71} = {B5436D96-040E-42E9-AE13-5E55F991E2A9}
		{FEC5A477-D5BA-4EAB-97F6-3F585568732F} = {11920E2F-AE93-433C-B9BF-E5359E66C1D4}
		{8DCEE80F-837C-4ADD-A6F7-2A0D6BB7C426} = {B228BB81-8A05-4C44-A07E-D22AF2005A71}
		{9FA9407E-6727-456A-BDF1-000857278618} = {B5436D96-040E-42E9-AE13-5E55F991E2A9}
	EndGlobalSection
	GlobalSection(ExtensibilityGlobals) = postSolution
		SolutionGuid = {2EB72F4B-1D54-4234-905E-0EDA63D1A982}
	EndGlobalSection
EndGlobal
