
Microsoft Visual Studio Solution File, Format Version 12.00
# Visual Studio Version 17
VisualStudioVersion = 17.6.33829.357
MinimumVisualStudioVersion = 10.0.40219.1
Project("{2150E333-8FDC-42A3-9474-1A3956D46DE8}") = "Solution Items", "Solution Items", "{99ED28AC-5842-48A8-8D20-A1F121735B10}"
	ProjectSection(SolutionItems) = preProject
		.editorconfig = .editorconfig
	EndProjectSection
EndProject
Project("{2150E333-8FDC-42A3-9474-1A3956D46DE8}") = "Submodules", "Submodules", "{B5436D96-040E-42E9-AE13-5E55F991E2A9}"
EndProject
Project("{9A19103F-16F7-4668-BE54-9A1E7A4F7556}") = "Net.Shared.Web", "Submodules\Net.Shared.Web\src\Net.Shared.Web\Net.Shared.Web.csproj", "{DAD21B0A-DB27-413F-8C0B-30AEB5F61B9E}"
EndProject
Project("{9A19103F-16F7-4668-BE54-9A1E7A4F7556}") = "Net.Shared.Web.Abstractions", "Submodules\Net.Shared.Web\src\Net.Shared.Web.Abstractions\Net.Shared.Web.Abstractions.csproj", "{E8521B92-96D1-419B-BD8D-634C36244F1D}"
EndProject
Project("{9A19103F-16F7-4668-BE54-9A1E7A4F7556}") = "Net.Shared.Exceptions", "Submodules\Net.Shared.Exceptions\src\Net.Shared.Exceptions\Net.Shared.Exceptions.csproj", "{E700316E-5C61-44D1-8D58-9C2C5F92E394}"
EndProject
Project("{9A19103F-16F7-4668-BE54-9A1E7A4F7556}") = "Net.Shared", "Submodules\Net.Shared\src\Net.Shared\Net.Shared.csproj", "{083D5F2E-F7CB-4259-82E7-C659F65FB559}"
EndProject
Project("{9A19103F-16F7-4668-BE54-9A1E7A4F7556}") = "Net.Shared.Abstractions", "Submodules\Net.Shared\src\Net.Shared.Abstractions\Net.Shared.Abstractions.csproj", "{BC2EF7F7-91E2-4890-94F6-78BD661130A7}"
EndProject
Project("{9A19103F-16F7-4668-BE54-9A1E7A4F7556}") = "Net.Shared.Persistence", "Submodules\Net.Shared.Persistence\src\Net.Shared.Persistence\Net.Shared.Persistence.csproj", "{13985057-DAB8-4C7A-8C43-E86903FFC017}"
EndProject
Project("{9A19103F-16F7-4668-BE54-9A1E7A4F7556}") = "Net.Shared.Persistence.Abstractions", "Submodules\Net.Shared.Persistence\src\Net.Shared.Persistence.Abstractions\Net.Shared.Persistence.Abstractions.csproj", "{628ED8A5-9466-476E-BB9F-D0CC83C58190}"
EndProject
Project("{9A19103F-16F7-4668-BE54-9A1E7A4F7556}") = "Net.Shared.Queues", "Submodules\Net.Shared.Queues\src\Net.Shared.Queues\Net.Shared.Queues.csproj", "{B9A41338-6625-4999-BA8A-24C39FD442A7}"
EndProject
Project("{9A19103F-16F7-4668-BE54-9A1E7A4F7556}") = "Net.Shared.Queues.Abstractions", "Submodules\Net.Shared.Queues\src\Net.Shared.Queues.Abstractions\Net.Shared.Queues.Abstractions.csproj", "{DD114FB5-F7F3-4C57-AD1D-977E4934256C}"
EndProject
Project("{9A19103F-16F7-4668-BE54-9A1E7A4F7556}") = "Net.Shared.Extensions", "Submodules\Net.Shared.Extensions\src\Net.Shared.Extensions\Net.Shared.Extensions.csproj", "{5342FB0E-5E0C-4D54-A443-3DB819293612}"
EndProject
Project("{9A19103F-16F7-4668-BE54-9A1E7A4F7556}") = "Net.Shared.Background.Abstractions", "Submodules\Net.Shared.Background\src\Net.Shared.Background.Abstractions\Net.Shared.Background.Abstractions.csproj", "{FEC5A477-D5BA-4EAB-97F6-3F585568732F}"
EndProject
Project("{9A19103F-16F7-4668-BE54-9A1E7A4F7556}") = "Net.Shared.Background", "Submodules\Net.Shared.Background\src\Net.Shared.Background\Net.Shared.Background.csproj", "{9FA9407E-6727-456A-BDF1-000857278618}"
EndProject
Project("{2150E333-8FDC-42A3-9474-1A3956D46DE8}") = "TelegramBot", "TelegramBot", "{511BCF1C-CBBE-4538-8A2E-F50C58A811C0}"
EndProject
Project("{2150E333-8FDC-42A3-9474-1A3956D46DE8}") = "App", "App", "{6C2DCDC7-E4A1-43AD-A484-678B12C9C5D7}"
EndProject
Project("{9A19103F-16F7-4668-BE54-9A1E7A4F7556}") = "KdmidScheduler.Infrastructure", "Modules\TelegramBot\App\Infrastructure\KdmidScheduler.Infrastructure.csproj", "{E1ABC650-59BB-4F01-9812-8743560D443F}"
EndProject
Project("{2150E333-8FDC-42A3-9474-1A3956D46DE8}") = "Background", "Background", "{2F2578C0-03AB-43BE-A730-60894FFFD2A6}"
EndProject
Project("{2150E333-8FDC-42A3-9474-1A3956D46DE8}") = "Persistence", "Persistence", "{7D18553C-85F8-4471-9204-241DDD811769}"
EndProject
Project("{2150E333-8FDC-42A3-9474-1A3956D46DE8}") = "Queues", "Queues", "{3AB81175-87D1-47CF-B65C-CE7E42A36581}"
EndProject
Project("{2150E333-8FDC-42A3-9474-1A3956D46DE8}") = "Web", "Web", "{6EF0E0E0-D1C5-4E4B-A367-9C9DA118236D}"
EndProject
Project("{2150E333-8FDC-42A3-9474-1A3956D46DE8}") = "Shared", "Shared", "{146F650E-4990-495E-A3DE-97A0EB184D29}"
EndProject
Project("{2150E333-8FDC-42A3-9474-1A3956D46DE8}") = "Hosts", "Hosts", "{4A6067A0-1099-4CF0-8DA3-99F210240D7D}"
EndProject
Project("{2150E333-8FDC-42A3-9474-1A3956D46DE8}") = "Azure", "Azure", "{E695C489-8ADC-40EF-B12D-88C528CBD384}"
EndProject
Project("{2150E333-8FDC-42A3-9474-1A3956D46DE8}") = "Web", "Web", "{799AB58C-7742-463C-89A2-9813FDF68B81}"
EndProject
Project("{9A19103F-16F7-4668-BE54-9A1E7A4F7556}") = "KdmidScheduler.Azure.Api", "Modules\TelegramBot\Hosts\Azure\Api\KdmidScheduler.Azure.Api.csproj", "{CC899BFB-F97D-43B7-89A6-910D5A833F1D}"
EndProject
Project("{9A19103F-16F7-4668-BE54-9A1E7A4F7556}") = "KdmidScheduler.Azure.Worker", "Modules\TelegramBot\Hosts\Azure\Worker\KdmidScheduler.Azure.Worker.csproj", "{2C17F4E3-285D-4890-BD12-B2A33B532E2D}"
EndProject
Project("{9A19103F-16F7-4668-BE54-9A1E7A4F7556}") = "KdmidScheduler.Web.Api", "Modules\TelegramBot\Hosts\Web\Api\KdmidScheduler.Web.Api.csproj", "{023FE814-7A6C-4C2B-9715-6457B3845D0D}"
EndProject
Project("{9A19103F-16F7-4668-BE54-9A1E7A4F7556}") = "KdmidScheduler.Azure", "Modules\TelegramBot\Hosts\Azure\Core\KdmidScheduler.Azure.csproj", "{2C33C5C5-E25F-428B-8435-99B1768CAE21}"
EndProject
Project("{9A19103F-16F7-4668-BE54-9A1E7A4F7556}") = "KdmidScheduler.Web", "Modules\TelegramBot\Hosts\Web\Core\KdmidScheduler.Web.csproj", "{85BECB38-DAE3-4613-BEC7-5DCE8CB9E397}"
EndProject
Project("{2150E333-8FDC-42A3-9474-1A3956D46DE8}") = "Bots", "Bots", "{A2164ABE-A659-4BD1-A62F-B0CEBA6C6790}"
EndProject
Project("{9A19103F-16F7-4668-BE54-9A1E7A4F7556}") = "Net.Shared.Bots", "Modules\Net.Shared.Bots\src\Net.Shared.Bots\Net.Shared.Bots\Net.Shared.Bots.csproj", "{4A71C5D2-8A59-4F30-811B-649289340ED8}"
EndProject
Project("{9A19103F-16F7-4668-BE54-9A1E7A4F7556}") = "Net.Shared.Bots.Abstractions", "Modules\Net.Shared.Bots\src\Net.Shared.Bots.Abstractions\Net.Shared.Bots.Abstractions.csproj", "{5D3F6D19-C243-41BD-97F2-F3B791F24F46}"
EndProject
Project("{9A19103F-16F7-4668-BE54-9A1E7A4F7556}") = "KdmidScheduler", "Modules\TelegramBot\App\Core\KdmidScheduler.csproj", "{BDC8951E-F79A-404C-AF6D-034787C0A880}"
EndProject
Project("{9A19103F-16F7-4668-BE54-9A1E7A4F7556}") = "KdmidScheduler.Abstractions", "Modules\TelegramBot\App\Abstractions\KdmidScheduler.Abstractions.csproj", "{9C348697-B904-4B9F-BC5A-7333D8A0DEB5}"
EndProject
Global
	GlobalSection(SolutionConfigurationPlatforms) = preSolution
		Debug|Any CPU = Debug|Any CPU
		Release|Any CPU = Release|Any CPU
	EndGlobalSection
	GlobalSection(ProjectConfigurationPlatforms) = postSolution
		{DAD21B0A-DB27-413F-8C0B-30AEB5F61B9E}.Debug|Any CPU.ActiveCfg = Debug|Any CPU
		{DAD21B0A-DB27-413F-8C0B-30AEB5F61B9E}.Debug|Any CPU.Build.0 = Debug|Any CPU
		{DAD21B0A-DB27-413F-8C0B-30AEB5F61B9E}.Release|Any CPU.ActiveCfg = Release|Any CPU
		{DAD21B0A-DB27-413F-8C0B-30AEB5F61B9E}.Release|Any CPU.Build.0 = Release|Any CPU
		{E8521B92-96D1-419B-BD8D-634C36244F1D}.Debug|Any CPU.ActiveCfg = Debug|Any CPU
		{E8521B92-96D1-419B-BD8D-634C36244F1D}.Debug|Any CPU.Build.0 = Debug|Any CPU
		{E8521B92-96D1-419B-BD8D-634C36244F1D}.Release|Any CPU.ActiveCfg = Release|Any CPU
		{E8521B92-96D1-419B-BD8D-634C36244F1D}.Release|Any CPU.Build.0 = Release|Any CPU
		{E700316E-5C61-44D1-8D58-9C2C5F92E394}.Debug|Any CPU.ActiveCfg = Debug|Any CPU
		{E700316E-5C61-44D1-8D58-9C2C5F92E394}.Debug|Any CPU.Build.0 = Debug|Any CPU
		{E700316E-5C61-44D1-8D58-9C2C5F92E394}.Release|Any CPU.ActiveCfg = Release|Any CPU
		{E700316E-5C61-44D1-8D58-9C2C5F92E394}.Release|Any CPU.Build.0 = Release|Any CPU
		{083D5F2E-F7CB-4259-82E7-C659F65FB559}.Debug|Any CPU.ActiveCfg = Debug|Any CPU
		{083D5F2E-F7CB-4259-82E7-C659F65FB559}.Debug|Any CPU.Build.0 = Debug|Any CPU
		{083D5F2E-F7CB-4259-82E7-C659F65FB559}.Release|Any CPU.ActiveCfg = Release|Any CPU
		{083D5F2E-F7CB-4259-82E7-C659F65FB559}.Release|Any CPU.Build.0 = Release|Any CPU
		{BC2EF7F7-91E2-4890-94F6-78BD661130A7}.Debug|Any CPU.ActiveCfg = Debug|Any CPU
		{BC2EF7F7-91E2-4890-94F6-78BD661130A7}.Debug|Any CPU.Build.0 = Debug|Any CPU
		{BC2EF7F7-91E2-4890-94F6-78BD661130A7}.Release|Any CPU.ActiveCfg = Release|Any CPU
		{BC2EF7F7-91E2-4890-94F6-78BD661130A7}.Release|Any CPU.Build.0 = Release|Any CPU
		{13985057-DAB8-4C7A-8C43-E86903FFC017}.Debug|Any CPU.ActiveCfg = Debug|Any CPU
		{13985057-DAB8-4C7A-8C43-E86903FFC017}.Debug|Any CPU.Build.0 = Debug|Any CPU
		{13985057-DAB8-4C7A-8C43-E86903FFC017}.Release|Any CPU.ActiveCfg = Release|Any CPU
		{13985057-DAB8-4C7A-8C43-E86903FFC017}.Release|Any CPU.Build.0 = Release|Any CPU
		{628ED8A5-9466-476E-BB9F-D0CC83C58190}.Debug|Any CPU.ActiveCfg = Debug|Any CPU
		{628ED8A5-9466-476E-BB9F-D0CC83C58190}.Debug|Any CPU.Build.0 = Debug|Any CPU
		{628ED8A5-9466-476E-BB9F-D0CC83C58190}.Release|Any CPU.ActiveCfg = Release|Any CPU
		{628ED8A5-9466-476E-BB9F-D0CC83C58190}.Release|Any CPU.Build.0 = Release|Any CPU
		{B9A41338-6625-4999-BA8A-24C39FD442A7}.Debug|Any CPU.ActiveCfg = Debug|Any CPU
		{B9A41338-6625-4999-BA8A-24C39FD442A7}.Debug|Any CPU.Build.0 = Debug|Any CPU
		{B9A41338-6625-4999-BA8A-24C39FD442A7}.Release|Any CPU.ActiveCfg = Release|Any CPU
		{B9A41338-6625-4999-BA8A-24C39FD442A7}.Release|Any CPU.Build.0 = Release|Any CPU
		{DD114FB5-F7F3-4C57-AD1D-977E4934256C}.Debug|Any CPU.ActiveCfg = Debug|Any CPU
		{DD114FB5-F7F3-4C57-AD1D-977E4934256C}.Debug|Any CPU.Build.0 = Debug|Any CPU
		{DD114FB5-F7F3-4C57-AD1D-977E4934256C}.Release|Any CPU.ActiveCfg = Release|Any CPU
		{DD114FB5-F7F3-4C57-AD1D-977E4934256C}.Release|Any CPU.Build.0 = Release|Any CPU
		{5342FB0E-5E0C-4D54-A443-3DB819293612}.Debug|Any CPU.ActiveCfg = Debug|Any CPU
		{5342FB0E-5E0C-4D54-A443-3DB819293612}.Debug|Any CPU.Build.0 = Debug|Any CPU
		{5342FB0E-5E0C-4D54-A443-3DB819293612}.Release|Any CPU.ActiveCfg = Release|Any CPU
		{5342FB0E-5E0C-4D54-A443-3DB819293612}.Release|Any CPU.Build.0 = Release|Any CPU
		{FEC5A477-D5BA-4EAB-97F6-3F585568732F}.Debug|Any CPU.ActiveCfg = Debug|Any CPU
		{FEC5A477-D5BA-4EAB-97F6-3F585568732F}.Debug|Any CPU.Build.0 = Debug|Any CPU
		{FEC5A477-D5BA-4EAB-97F6-3F585568732F}.Release|Any CPU.ActiveCfg = Release|Any CPU
		{FEC5A477-D5BA-4EAB-97F6-3F585568732F}.Release|Any CPU.Build.0 = Release|Any CPU
		{9FA9407E-6727-456A-BDF1-000857278618}.Debug|Any CPU.ActiveCfg = Debug|Any CPU
		{9FA9407E-6727-456A-BDF1-000857278618}.Debug|Any CPU.Build.0 = Debug|Any CPU
		{9FA9407E-6727-456A-BDF1-000857278618}.Release|Any CPU.ActiveCfg = Release|Any CPU
		{9FA9407E-6727-456A-BDF1-000857278618}.Release|Any CPU.Build.0 = Release|Any CPU
		{E1ABC650-59BB-4F01-9812-8743560D443F}.Debug|Any CPU.ActiveCfg = Debug|Any CPU
		{E1ABC650-59BB-4F01-9812-8743560D443F}.Debug|Any CPU.Build.0 = Debug|Any CPU
		{E1ABC650-59BB-4F01-9812-8743560D443F}.Release|Any CPU.ActiveCfg = Release|Any CPU
		{E1ABC650-59BB-4F01-9812-8743560D443F}.Release|Any CPU.Build.0 = Release|Any CPU
		{CC899BFB-F97D-43B7-89A6-910D5A833F1D}.Debug|Any CPU.ActiveCfg = Debug|Any CPU
		{CC899BFB-F97D-43B7-89A6-910D5A833F1D}.Debug|Any CPU.Build.0 = Debug|Any CPU
		{CC899BFB-F97D-43B7-89A6-910D5A833F1D}.Release|Any CPU.ActiveCfg = Release|Any CPU
		{CC899BFB-F97D-43B7-89A6-910D5A833F1D}.Release|Any CPU.Build.0 = Release|Any CPU
		{2C17F4E3-285D-4890-BD12-B2A33B532E2D}.Debug|Any CPU.ActiveCfg = Debug|Any CPU
		{2C17F4E3-285D-4890-BD12-B2A33B532E2D}.Debug|Any CPU.Build.0 = Debug|Any CPU
		{2C17F4E3-285D-4890-BD12-B2A33B532E2D}.Release|Any CPU.ActiveCfg = Release|Any CPU
		{2C17F4E3-285D-4890-BD12-B2A33B532E2D}.Release|Any CPU.Build.0 = Release|Any CPU
		{023FE814-7A6C-4C2B-9715-6457B3845D0D}.Debug|Any CPU.ActiveCfg = Debug|Any CPU
		{023FE814-7A6C-4C2B-9715-6457B3845D0D}.Debug|Any CPU.Build.0 = Debug|Any CPU
		{023FE814-7A6C-4C2B-9715-6457B3845D0D}.Release|Any CPU.ActiveCfg = Release|Any CPU
		{023FE814-7A6C-4C2B-9715-6457B3845D0D}.Release|Any CPU.Build.0 = Release|Any CPU
		{2C33C5C5-E25F-428B-8435-99B1768CAE21}.Debug|Any CPU.ActiveCfg = Debug|Any CPU
		{2C33C5C5-E25F-428B-8435-99B1768CAE21}.Debug|Any CPU.Build.0 = Debug|Any CPU
		{2C33C5C5-E25F-428B-8435-99B1768CAE21}.Release|Any CPU.ActiveCfg = Release|Any CPU
		{2C33C5C5-E25F-428B-8435-99B1768CAE21}.Release|Any CPU.Build.0 = Release|Any CPU
		{85BECB38-DAE3-4613-BEC7-5DCE8CB9E397}.Debug|Any CPU.ActiveCfg = Debug|Any CPU
		{85BECB38-DAE3-4613-BEC7-5DCE8CB9E397}.Debug|Any CPU.Build.0 = Debug|Any CPU
		{85BECB38-DAE3-4613-BEC7-5DCE8CB9E397}.Release|Any CPU.ActiveCfg = Release|Any CPU
		{85BECB38-DAE3-4613-BEC7-5DCE8CB9E397}.Release|Any CPU.Build.0 = Release|Any CPU
		{4A71C5D2-8A59-4F30-811B-649289340ED8}.Debug|Any CPU.ActiveCfg = Debug|Any CPU
		{4A71C5D2-8A59-4F30-811B-649289340ED8}.Debug|Any CPU.Build.0 = Debug|Any CPU
		{4A71C5D2-8A59-4F30-811B-649289340ED8}.Release|Any CPU.ActiveCfg = Release|Any CPU
		{4A71C5D2-8A59-4F30-811B-649289340ED8}.Release|Any CPU.Build.0 = Release|Any CPU
		{5D3F6D19-C243-41BD-97F2-F3B791F24F46}.Debug|Any CPU.ActiveCfg = Debug|Any CPU
		{5D3F6D19-C243-41BD-97F2-F3B791F24F46}.Debug|Any CPU.Build.0 = Debug|Any CPU
		{5D3F6D19-C243-41BD-97F2-F3B791F24F46}.Release|Any CPU.ActiveCfg = Release|Any CPU
		{5D3F6D19-C243-41BD-97F2-F3B791F24F46}.Release|Any CPU.Build.0 = Release|Any CPU
		{BDC8951E-F79A-404C-AF6D-034787C0A880}.Debug|Any CPU.ActiveCfg = Debug|Any CPU
		{BDC8951E-F79A-404C-AF6D-034787C0A880}.Debug|Any CPU.Build.0 = Debug|Any CPU
		{BDC8951E-F79A-404C-AF6D-034787C0A880}.Release|Any CPU.ActiveCfg = Release|Any CPU
		{BDC8951E-F79A-404C-AF6D-034787C0A880}.Release|Any CPU.Build.0 = Release|Any CPU
		{9C348697-B904-4B9F-BC5A-7333D8A0DEB5}.Debug|Any CPU.ActiveCfg = Debug|Any CPU
		{9C348697-B904-4B9F-BC5A-7333D8A0DEB5}.Debug|Any CPU.Build.0 = Debug|Any CPU
		{9C348697-B904-4B9F-BC5A-7333D8A0DEB5}.Release|Any CPU.ActiveCfg = Release|Any CPU
		{9C348697-B904-4B9F-BC5A-7333D8A0DEB5}.Release|Any CPU.Build.0 = Release|Any CPU
	EndGlobalSection
	GlobalSection(SolutionProperties) = preSolution
		HideSolutionNode = FALSE
	EndGlobalSection
	GlobalSection(NestedProjects) = preSolution
		{DAD21B0A-DB27-413F-8C0B-30AEB5F61B9E} = {6EF0E0E0-D1C5-4E4B-A367-9C9DA118236D}
		{E8521B92-96D1-419B-BD8D-634C36244F1D} = {6EF0E0E0-D1C5-4E4B-A367-9C9DA118236D}
		{E700316E-5C61-44D1-8D58-9C2C5F92E394} = {B5436D96-040E-42E9-AE13-5E55F991E2A9}
		{083D5F2E-F7CB-4259-82E7-C659F65FB559} = {146F650E-4990-495E-A3DE-97A0EB184D29}
		{BC2EF7F7-91E2-4890-94F6-78BD661130A7} = {146F650E-4990-495E-A3DE-97A0EB184D29}
		{13985057-DAB8-4C7A-8C43-E86903FFC017} = {7D18553C-85F8-4471-9204-241DDD811769}
		{628ED8A5-9466-476E-BB9F-D0CC83C58190} = {7D18553C-85F8-4471-9204-241DDD811769}
		{B9A41338-6625-4999-BA8A-24C39FD442A7} = {3AB81175-87D1-47CF-B65C-CE7E42A36581}
		{DD114FB5-F7F3-4C57-AD1D-977E4934256C} = {3AB81175-87D1-47CF-B65C-CE7E42A36581}
		{5342FB0E-5E0C-4D54-A443-3DB819293612} = {B5436D96-040E-42E9-AE13-5E55F991E2A9}
		{FEC5A477-D5BA-4EAB-97F6-3F585568732F} = {2F2578C0-03AB-43BE-A730-60894FFFD2A6}
		{9FA9407E-6727-456A-BDF1-000857278618} = {2F2578C0-03AB-43BE-A730-60894FFFD2A6}
		{6C2DCDC7-E4A1-43AD-A484-678B12C9C5D7} = {511BCF1C-CBBE-4538-8A2E-F50C58A811C0}
		{E1ABC650-59BB-4F01-9812-8743560D443F} = {6C2DCDC7-E4A1-43AD-A484-678B12C9C5D7}
		{2F2578C0-03AB-43BE-A730-60894FFFD2A6} = {B5436D96-040E-42E9-AE13-5E55F991E2A9}
		{7D18553C-85F8-4471-9204-241DDD811769} = {B5436D96-040E-42E9-AE13-5E55F991E2A9}
		{3AB81175-87D1-47CF-B65C-CE7E42A36581} = {B5436D96-040E-42E9-AE13-5E55F991E2A9}
		{6EF0E0E0-D1C5-4E4B-A367-9C9DA118236D} = {B5436D96-040E-42E9-AE13-5E55F991E2A9}
		{146F650E-4990-495E-A3DE-97A0EB184D29} = {B5436D96-040E-42E9-AE13-5E55F991E2A9}
		{4A6067A0-1099-4CF0-8DA3-99F210240D7D} = {511BCF1C-CBBE-4538-8A2E-F50C58A811C0}
		{E695C489-8ADC-40EF-B12D-88C528CBD384} = {4A6067A0-1099-4CF0-8DA3-99F210240D7D}
		{799AB58C-7742-463C-89A2-9813FDF68B81} = {4A6067A0-1099-4CF0-8DA3-99F210240D7D}
		{CC899BFB-F97D-43B7-89A6-910D5A833F1D} = {E695C489-8ADC-40EF-B12D-88C528CBD384}
		{2C17F4E3-285D-4890-BD12-B2A33B532E2D} = {E695C489-8ADC-40EF-B12D-88C528CBD384}
		{023FE814-7A6C-4C2B-9715-6457B3845D0D} = {799AB58C-7742-463C-89A2-9813FDF68B81}
		{2C33C5C5-E25F-428B-8435-99B1768CAE21} = {E695C489-8ADC-40EF-B12D-88C528CBD384}
		{85BECB38-DAE3-4613-BEC7-5DCE8CB9E397} = {799AB58C-7742-463C-89A2-9813FDF68B81}
		{A2164ABE-A659-4BD1-A62F-B0CEBA6C6790} = {B5436D96-040E-42E9-AE13-5E55F991E2A9}
		{4A71C5D2-8A59-4F30-811B-649289340ED8} = {A2164ABE-A659-4BD1-A62F-B0CEBA6C6790}
		{5D3F6D19-C243-41BD-97F2-F3B791F24F46} = {A2164ABE-A659-4BD1-A62F-B0CEBA6C6790}
		{BDC8951E-F79A-404C-AF6D-034787C0A880} = {6C2DCDC7-E4A1-43AD-A484-678B12C9C5D7}
		{9C348697-B904-4B9F-BC5A-7333D8A0DEB5} = {6C2DCDC7-E4A1-43AD-A484-678B12C9C5D7}
	EndGlobalSection
	GlobalSection(ExtensibilityGlobals) = postSolution
		SolutionGuid = {2EB72F4B-1D54-4234-905E-0EDA63D1A982}
	EndGlobalSection
EndGlobal
