
Microsoft Visual Studio Solution File, Format Version 12.00
# Visual Studio Version 17
VisualStudioVersion = 17.6.33829.357
MinimumVisualStudioVersion = 10.0.40219.1
Project("{2150E333-8FDC-42A3-9474-1A3956D46DE8}") = "Solution Items", "Solution Items", "{99ED28AC-5842-48A8-8D20-A1F121735B10}"
	ProjectSection(SolutionItems) = preProject
		.editorconfig = .editorconfig
	EndProjectSection
EndProject
Project("{2150E333-8FDC-42A3-9474-1A3956D46DE8}") = "Submodules", "Submodules", "{5FC70407-8D13-47C0-A473-2571151E7AB9}"
EndProject
Project("{2150E333-8FDC-42A3-9474-1A3956D46DE8}") = "Bots", "Bots", "{F3A6E087-A799-42E8-87C5-98DE023C7C50}"
EndProject
Project("{2150E333-8FDC-42A3-9474-1A3956D46DE8}") = "Background", "Background", "{CDE5BC47-3D31-40DB-A978-CA58D0D1775B}"
EndProject
Project("{2150E333-8FDC-42A3-9474-1A3956D46DE8}") = "Web", "Web", "{91FB1760-DBB2-4E9C-9A5C-518BC61D01C4}"
EndProject
Project("{2150E333-8FDC-42A3-9474-1A3956D46DE8}") = "Queues", "Queues", "{BF8580DD-4865-4CEF-B239-EA85528DD470}"
EndProject
Project("{2150E333-8FDC-42A3-9474-1A3956D46DE8}") = "Persistence", "Persistence", "{0E7AA707-8F1C-43BD-8B7D-316EF2E0CCFD}"
EndProject
Project("{2150E333-8FDC-42A3-9474-1A3956D46DE8}") = "Shared", "Shared", "{A17F3114-10D3-457D-B293-6CF9916D9492}"
EndProject
Project("{2150E333-8FDC-42A3-9474-1A3956D46DE8}") = "Core", "Core", "{EBF76C7A-D31B-48DC-854F-685C98B1D796}"
EndProject
Project("{2150E333-8FDC-42A3-9474-1A3956D46DE8}") = "Hosts", "Hosts", "{C074AB80-7524-433B-BC60-5052110BECA3}"
EndProject
Project("{9A19103F-16F7-4668-BE54-9A1E7A4F7556}") = "Net.Shared.Background", "core\submodules\shared-background\src\background\Net.Shared.Background.csproj", "{34DEE76D-9D4B-43EE-AE6B-5B14853DAC94}"
EndProject
Project("{9A19103F-16F7-4668-BE54-9A1E7A4F7556}") = "Net.Shared.Background.Abstractions", "core\submodules\shared-background\src\background-abstractions\Net.Shared.Background.Abstractions.csproj", "{F02E5D50-D3AB-4720-8315-7E51E3F12951}"
EndProject
Project("{9A19103F-16F7-4668-BE54-9A1E7A4F7556}") = "Net.Shared.Bots", "core\submodules\shared-bots\src\bots\Net.Shared.Bots.csproj", "{92B25FB8-F9AF-44B6-899D-34879EA7D4E6}"
EndProject
Project("{9A19103F-16F7-4668-BE54-9A1E7A4F7556}") = "Net.Shared.Bots.Abstractions", "core\submodules\shared-bots\src\bots-abstractions\Net.Shared.Bots.Abstractions.csproj", "{FE1CD8D0-66B6-46F2-A825-610B4293A645}"
EndProject
Project("{9A19103F-16F7-4668-BE54-9A1E7A4F7556}") = "Net.Shared.Persistence", "core\submodules\shared-persistence\src\persistence\Net.Shared.Persistence.csproj", "{AD11F860-C189-471D-A623-57E7E1D1592A}"
EndProject
Project("{9A19103F-16F7-4668-BE54-9A1E7A4F7556}") = "Net.Shared.Persistence.Abstractions", "core\submodules\shared-persistence\src\persistence-abstractions\Net.Shared.Persistence.Abstractions.csproj", "{BD67A218-3160-44C9-B940-72A1908BAD57}"
EndProject
Project("{9A19103F-16F7-4668-BE54-9A1E7A4F7556}") = "Net.Shared.Queues", "core\submodules\shared-queues\src\queues\Net.Shared.Queues.csproj", "{8E5F2A7E-D47C-49EF-AC91-1DD1AC156218}"
EndProject
Project("{9A19103F-16F7-4668-BE54-9A1E7A4F7556}") = "Net.Shared.Queues.Abstractions", "core\submodules\shared-queues\src\queues-abstractions\Net.Shared.Queues.Abstractions.csproj", "{2FC5EC05-705F-41AD-A096-78E34843AF51}"
EndProject
Project("{9A19103F-16F7-4668-BE54-9A1E7A4F7556}") = "Net.Shared", "core\submodules\shared\src\shared\Net.Shared.csproj", "{443281AA-AB56-4850-83D5-53F313D60DB2}"
EndProject
Project("{9A19103F-16F7-4668-BE54-9A1E7A4F7556}") = "Net.Shared.Abstractions", "core\submodules\shared\src\shared-abstractions\Net.Shared.Abstractions.csproj", "{3EE2F6FA-C472-4653-979D-61D53D4FDAB8}"
EndProject
Project("{9A19103F-16F7-4668-BE54-9A1E7A4F7556}") = "Net.Shared.Web", "core\submodules\shared-web\src\web\Net.Shared.Web.csproj", "{B01272EB-94A4-446E-A0D5-2580013B931A}"
EndProject
Project("{9A19103F-16F7-4668-BE54-9A1E7A4F7556}") = "Net.Shared.Web.Abstractions", "core\submodules\shared-web\src\web-abstractions\Net.Shared.Web.Abstractions.csproj", "{D7F0CC76-11A7-40E9-8ACD-59F66F24209F}"
EndProject
Project("{2150E333-8FDC-42A3-9474-1A3956D46DE8}") = "Azure", "Azure", "{3AD88827-2153-4F75-892C-1FAA43D9160B}"
EndProject
Project("{2150E333-8FDC-42A3-9474-1A3956D46DE8}") = "Vps", "Vps", "{B6137AFD-4FE3-4269-B7EE-EF495982CFA0}"
EndProject
Project("{9A19103F-16F7-4668-BE54-9A1E7A4F7556}") = "KdmidScheduler", "core\kdmid_scheduler\KdmidScheduler.csproj", "{56913E40-441B-4280-9D93-1F8C03747EF8}"
EndProject
Project("{9A19103F-16F7-4668-BE54-9A1E7A4F7556}") = "KdmidScheduler.Abstractions", "core\kdmid_scheduler-abstractions\KdmidScheduler.Abstractions.csproj", "{80392C87-E41B-4D5E-87B4-BC6677247134}"
EndProject
Project("{9A19103F-16F7-4668-BE54-9A1E7A4F7556}") = "KdmidScheduler.Infrastructure", "core\kdmid_scheduler-infrastructure\KdmidScheduler.Infrastructure.csproj", "{653E9E6A-87AC-426F-8511-A3CAA27D24D6}"
EndProject
Project("{9A19103F-16F7-4668-BE54-9A1E7A4F7556}") = "KdmidScheduler.Api", "hosts\azure\kdmid_scheduler-api\KdmidScheduler.Api.csproj", "{30C3C291-4685-43D9-9946-BD084A02E9CD}"
EndProject
Project("{9A19103F-16F7-4668-BE54-9A1E7A4F7556}") = "KdmidScheduler.Worker", "hosts\azure\kdmid_scheduler-worker\KdmidScheduler.Worker.csproj", "{8BD840C4-C0C3-45C9-BFD9-0CC96ACCB594}"
EndProject
Project("{9A19103F-16F7-4668-BE54-9A1E7A4F7556}") = "KdmidScheduler.Api", "hosts\vps\kdmid_scheduler-api\KdmidScheduler.Api.csproj", "{7B398E8C-9CFE-486F-91DF-745FFFDEE685}"
EndProject
Project("{9A19103F-16F7-4668-BE54-9A1E7A4F7556}") = "KdmidScheduler.Worker", "hosts\vps\kdmid_scheduler-worker\KdmidScheduler.Worker.csproj", "{A4E2A4D3-23BD-4E3E-8490-8A106A043641}"
EndProject
Global
	GlobalSection(SolutionConfigurationPlatforms) = preSolution
		Debug|Any CPU = Debug|Any CPU
		Release|Any CPU = Release|Any CPU
	EndGlobalSection
	GlobalSection(ProjectConfigurationPlatforms) = postSolution
		{34DEE76D-9D4B-43EE-AE6B-5B14853DAC94}.Debug|Any CPU.ActiveCfg = Debug|Any CPU
		{34DEE76D-9D4B-43EE-AE6B-5B14853DAC94}.Debug|Any CPU.Build.0 = Debug|Any CPU
		{34DEE76D-9D4B-43EE-AE6B-5B14853DAC94}.Release|Any CPU.ActiveCfg = Release|Any CPU
		{34DEE76D-9D4B-43EE-AE6B-5B14853DAC94}.Release|Any CPU.Build.0 = Release|Any CPU
		{F02E5D50-D3AB-4720-8315-7E51E3F12951}.Debug|Any CPU.ActiveCfg = Debug|Any CPU
		{F02E5D50-D3AB-4720-8315-7E51E3F12951}.Debug|Any CPU.Build.0 = Debug|Any CPU
		{F02E5D50-D3AB-4720-8315-7E51E3F12951}.Release|Any CPU.ActiveCfg = Release|Any CPU
		{F02E5D50-D3AB-4720-8315-7E51E3F12951}.Release|Any CPU.Build.0 = Release|Any CPU
		{92B25FB8-F9AF-44B6-899D-34879EA7D4E6}.Debug|Any CPU.ActiveCfg = Debug|Any CPU
		{92B25FB8-F9AF-44B6-899D-34879EA7D4E6}.Debug|Any CPU.Build.0 = Debug|Any CPU
		{92B25FB8-F9AF-44B6-899D-34879EA7D4E6}.Release|Any CPU.ActiveCfg = Release|Any CPU
		{92B25FB8-F9AF-44B6-899D-34879EA7D4E6}.Release|Any CPU.Build.0 = Release|Any CPU
		{FE1CD8D0-66B6-46F2-A825-610B4293A645}.Debug|Any CPU.ActiveCfg = Debug|Any CPU
		{FE1CD8D0-66B6-46F2-A825-610B4293A645}.Debug|Any CPU.Build.0 = Debug|Any CPU
		{FE1CD8D0-66B6-46F2-A825-610B4293A645}.Release|Any CPU.ActiveCfg = Release|Any CPU
		{FE1CD8D0-66B6-46F2-A825-610B4293A645}.Release|Any CPU.Build.0 = Release|Any CPU
		{AD11F860-C189-471D-A623-57E7E1D1592A}.Debug|Any CPU.ActiveCfg = Debug|Any CPU
		{AD11F860-C189-471D-A623-57E7E1D1592A}.Debug|Any CPU.Build.0 = Debug|Any CPU
		{AD11F860-C189-471D-A623-57E7E1D1592A}.Release|Any CPU.ActiveCfg = Release|Any CPU
		{AD11F860-C189-471D-A623-57E7E1D1592A}.Release|Any CPU.Build.0 = Release|Any CPU
		{BD67A218-3160-44C9-B940-72A1908BAD57}.Debug|Any CPU.ActiveCfg = Debug|Any CPU
		{BD67A218-3160-44C9-B940-72A1908BAD57}.Debug|Any CPU.Build.0 = Debug|Any CPU
		{BD67A218-3160-44C9-B940-72A1908BAD57}.Release|Any CPU.ActiveCfg = Release|Any CPU
		{BD67A218-3160-44C9-B940-72A1908BAD57}.Release|Any CPU.Build.0 = Release|Any CPU
		{8E5F2A7E-D47C-49EF-AC91-1DD1AC156218}.Debug|Any CPU.ActiveCfg = Debug|Any CPU
		{8E5F2A7E-D47C-49EF-AC91-1DD1AC156218}.Debug|Any CPU.Build.0 = Debug|Any CPU
		{8E5F2A7E-D47C-49EF-AC91-1DD1AC156218}.Release|Any CPU.ActiveCfg = Release|Any CPU
		{8E5F2A7E-D47C-49EF-AC91-1DD1AC156218}.Release|Any CPU.Build.0 = Release|Any CPU
		{2FC5EC05-705F-41AD-A096-78E34843AF51}.Debug|Any CPU.ActiveCfg = Debug|Any CPU
		{2FC5EC05-705F-41AD-A096-78E34843AF51}.Debug|Any CPU.Build.0 = Debug|Any CPU
		{2FC5EC05-705F-41AD-A096-78E34843AF51}.Release|Any CPU.ActiveCfg = Release|Any CPU
		{2FC5EC05-705F-41AD-A096-78E34843AF51}.Release|Any CPU.Build.0 = Release|Any CPU
		{443281AA-AB56-4850-83D5-53F313D60DB2}.Debug|Any CPU.ActiveCfg = Debug|Any CPU
		{443281AA-AB56-4850-83D5-53F313D60DB2}.Debug|Any CPU.Build.0 = Debug|Any CPU
		{443281AA-AB56-4850-83D5-53F313D60DB2}.Release|Any CPU.ActiveCfg = Release|Any CPU
		{443281AA-AB56-4850-83D5-53F313D60DB2}.Release|Any CPU.Build.0 = Release|Any CPU
		{3EE2F6FA-C472-4653-979D-61D53D4FDAB8}.Debug|Any CPU.ActiveCfg = Debug|Any CPU
		{3EE2F6FA-C472-4653-979D-61D53D4FDAB8}.Debug|Any CPU.Build.0 = Debug|Any CPU
		{3EE2F6FA-C472-4653-979D-61D53D4FDAB8}.Release|Any CPU.ActiveCfg = Release|Any CPU
		{3EE2F6FA-C472-4653-979D-61D53D4FDAB8}.Release|Any CPU.Build.0 = Release|Any CPU
		{B01272EB-94A4-446E-A0D5-2580013B931A}.Debug|Any CPU.ActiveCfg = Debug|Any CPU
		{B01272EB-94A4-446E-A0D5-2580013B931A}.Debug|Any CPU.Build.0 = Debug|Any CPU
		{B01272EB-94A4-446E-A0D5-2580013B931A}.Release|Any CPU.ActiveCfg = Release|Any CPU
		{B01272EB-94A4-446E-A0D5-2580013B931A}.Release|Any CPU.Build.0 = Release|Any CPU
		{D7F0CC76-11A7-40E9-8ACD-59F66F24209F}.Debug|Any CPU.ActiveCfg = Debug|Any CPU
		{D7F0CC76-11A7-40E9-8ACD-59F66F24209F}.Debug|Any CPU.Build.0 = Debug|Any CPU
		{D7F0CC76-11A7-40E9-8ACD-59F66F24209F}.Release|Any CPU.ActiveCfg = Release|Any CPU
		{D7F0CC76-11A7-40E9-8ACD-59F66F24209F}.Release|Any CPU.Build.0 = Release|Any CPU
		{56913E40-441B-4280-9D93-1F8C03747EF8}.Debug|Any CPU.ActiveCfg = Debug|Any CPU
		{56913E40-441B-4280-9D93-1F8C03747EF8}.Debug|Any CPU.Build.0 = Debug|Any CPU
		{56913E40-441B-4280-9D93-1F8C03747EF8}.Release|Any CPU.ActiveCfg = Release|Any CPU
		{56913E40-441B-4280-9D93-1F8C03747EF8}.Release|Any CPU.Build.0 = Release|Any CPU
		{80392C87-E41B-4D5E-87B4-BC6677247134}.Debug|Any CPU.ActiveCfg = Debug|Any CPU
		{80392C87-E41B-4D5E-87B4-BC6677247134}.Debug|Any CPU.Build.0 = Debug|Any CPU
		{80392C87-E41B-4D5E-87B4-BC6677247134}.Release|Any CPU.ActiveCfg = Release|Any CPU
		{80392C87-E41B-4D5E-87B4-BC6677247134}.Release|Any CPU.Build.0 = Release|Any CPU
		{653E9E6A-87AC-426F-8511-A3CAA27D24D6}.Debug|Any CPU.ActiveCfg = Debug|Any CPU
		{653E9E6A-87AC-426F-8511-A3CAA27D24D6}.Debug|Any CPU.Build.0 = Debug|Any CPU
		{653E9E6A-87AC-426F-8511-A3CAA27D24D6}.Release|Any CPU.ActiveCfg = Release|Any CPU
		{653E9E6A-87AC-426F-8511-A3CAA27D24D6}.Release|Any CPU.Build.0 = Release|Any CPU
		{30C3C291-4685-43D9-9946-BD084A02E9CD}.Debug|Any CPU.ActiveCfg = Debug|Any CPU
		{30C3C291-4685-43D9-9946-BD084A02E9CD}.Debug|Any CPU.Build.0 = Debug|Any CPU
		{30C3C291-4685-43D9-9946-BD084A02E9CD}.Release|Any CPU.ActiveCfg = Release|Any CPU
		{30C3C291-4685-43D9-9946-BD084A02E9CD}.Release|Any CPU.Build.0 = Release|Any CPU
		{8BD840C4-C0C3-45C9-BFD9-0CC96ACCB594}.Debug|Any CPU.ActiveCfg = Debug|Any CPU
		{8BD840C4-C0C3-45C9-BFD9-0CC96ACCB594}.Debug|Any CPU.Build.0 = Debug|Any CPU
		{8BD840C4-C0C3-45C9-BFD9-0CC96ACCB594}.Release|Any CPU.ActiveCfg = Release|Any CPU
		{8BD840C4-C0C3-45C9-BFD9-0CC96ACCB594}.Release|Any CPU.Build.0 = Release|Any CPU
		{7B398E8C-9CFE-486F-91DF-745FFFDEE685}.Debug|Any CPU.ActiveCfg = Debug|Any CPU
		{7B398E8C-9CFE-486F-91DF-745FFFDEE685}.Debug|Any CPU.Build.0 = Debug|Any CPU
		{7B398E8C-9CFE-486F-91DF-745FFFDEE685}.Release|Any CPU.ActiveCfg = Release|Any CPU
		{7B398E8C-9CFE-486F-91DF-745FFFDEE685}.Release|Any CPU.Build.0 = Release|Any CPU
		{A4E2A4D3-23BD-4E3E-8490-8A106A043641}.Debug|Any CPU.ActiveCfg = Debug|Any CPU
		{A4E2A4D3-23BD-4E3E-8490-8A106A043641}.Debug|Any CPU.Build.0 = Debug|Any CPU
		{A4E2A4D3-23BD-4E3E-8490-8A106A043641}.Release|Any CPU.ActiveCfg = Release|Any CPU
		{A4E2A4D3-23BD-4E3E-8490-8A106A043641}.Release|Any CPU.Build.0 = Release|Any CPU
	EndGlobalSection
	GlobalSection(SolutionProperties) = preSolution
		HideSolutionNode = FALSE
	EndGlobalSection
	GlobalSection(NestedProjects) = preSolution
		{5FC70407-8D13-47C0-A473-2571151E7AB9} = {EBF76C7A-D31B-48DC-854F-685C98B1D796}
		{F3A6E087-A799-42E8-87C5-98DE023C7C50} = {5FC70407-8D13-47C0-A473-2571151E7AB9}
		{CDE5BC47-3D31-40DB-A978-CA58D0D1775B} = {5FC70407-8D13-47C0-A473-2571151E7AB9}
		{91FB1760-DBB2-4E9C-9A5C-518BC61D01C4} = {5FC70407-8D13-47C0-A473-2571151E7AB9}
		{BF8580DD-4865-4CEF-B239-EA85528DD470} = {5FC70407-8D13-47C0-A473-2571151E7AB9}
		{0E7AA707-8F1C-43BD-8B7D-316EF2E0CCFD} = {5FC70407-8D13-47C0-A473-2571151E7AB9}
		{A17F3114-10D3-457D-B293-6CF9916D9492} = {5FC70407-8D13-47C0-A473-2571151E7AB9}
		{34DEE76D-9D4B-43EE-AE6B-5B14853DAC94} = {CDE5BC47-3D31-40DB-A978-CA58D0D1775B}
		{F02E5D50-D3AB-4720-8315-7E51E3F12951} = {CDE5BC47-3D31-40DB-A978-CA58D0D1775B}
		{92B25FB8-F9AF-44B6-899D-34879EA7D4E6} = {F3A6E087-A799-42E8-87C5-98DE023C7C50}
		{FE1CD8D0-66B6-46F2-A825-610B4293A645} = {F3A6E087-A799-42E8-87C5-98DE023C7C50}
		{AD11F860-C189-471D-A623-57E7E1D1592A} = {0E7AA707-8F1C-43BD-8B7D-316EF2E0CCFD}
		{BD67A218-3160-44C9-B940-72A1908BAD57} = {0E7AA707-8F1C-43BD-8B7D-316EF2E0CCFD}
		{8E5F2A7E-D47C-49EF-AC91-1DD1AC156218} = {BF8580DD-4865-4CEF-B239-EA85528DD470}
		{2FC5EC05-705F-41AD-A096-78E34843AF51} = {BF8580DD-4865-4CEF-B239-EA85528DD470}
		{443281AA-AB56-4850-83D5-53F313D60DB2} = {A17F3114-10D3-457D-B293-6CF9916D9492}
		{3EE2F6FA-C472-4653-979D-61D53D4FDAB8} = {A17F3114-10D3-457D-B293-6CF9916D9492}
		{B01272EB-94A4-446E-A0D5-2580013B931A} = {91FB1760-DBB2-4E9C-9A5C-518BC61D01C4}
		{D7F0CC76-11A7-40E9-8ACD-59F66F24209F} = {91FB1760-DBB2-4E9C-9A5C-518BC61D01C4}
		{3AD88827-2153-4F75-892C-1FAA43D9160B} = {C074AB80-7524-433B-BC60-5052110BECA3}
		{B6137AFD-4FE3-4269-B7EE-EF495982CFA0} = {C074AB80-7524-433B-BC60-5052110BECA3}
		{56913E40-441B-4280-9D93-1F8C03747EF8} = {EBF76C7A-D31B-48DC-854F-685C98B1D796}
		{80392C87-E41B-4D5E-87B4-BC6677247134} = {EBF76C7A-D31B-48DC-854F-685C98B1D796}
		{653E9E6A-87AC-426F-8511-A3CAA27D24D6} = {EBF76C7A-D31B-48DC-854F-685C98B1D796}
		{30C3C291-4685-43D9-9946-BD084A02E9CD} = {3AD88827-2153-4F75-892C-1FAA43D9160B}
		{8BD840C4-C0C3-45C9-BFD9-0CC96ACCB594} = {3AD88827-2153-4F75-892C-1FAA43D9160B}
		{7B398E8C-9CFE-486F-91DF-745FFFDEE685} = {B6137AFD-4FE3-4269-B7EE-EF495982CFA0}
		{A4E2A4D3-23BD-4E3E-8490-8A106A043641} = {B6137AFD-4FE3-4269-B7EE-EF495982CFA0}
	EndGlobalSection
	GlobalSection(ExtensibilityGlobals) = postSolution
		SolutionGuid = {2EB72F4B-1D54-4234-905E-0EDA63D1A982}
	EndGlobalSection
EndGlobal
